
Microsoft Visual Studio Solution File, Format Version 12.00
# Visual Studio Version 17
VisualStudioVersion = 17.9.34622.214
MinimumVisualStudioVersion = 10.0.40219.1
Project("{FAE04EC0-301F-11D3-BF4B-00C04F79EFBC}") = "EmpSky", "EmpSky\EmpSky.csproj", "{439D9911-AF68-4B10-97EB-C8A843630E0B}"
EndProject
Global
	GlobalSection(SolutionConfigurationPlatforms) = preSolution
		Debug|Any CPU = Debug|Any CPU
		Release|Any CPU = Release|Any CPU
	EndGlobalSection
	GlobalSection(ProjectConfigurationPlatforms) = postSolution
		{439D9911-AF68-4B10-97EB-C8A843630E0B}.Debug|Any CPU.ActiveCfg = Debug|Any CPU
		{439D9911-AF68-4B10-97EB-C8A843630E0B}.Debug|Any CPU.Build.0 = Debug|Any CPU
		{439D9911-AF68-4B10-97EB-C8A843630E0B}.Release|Any CPU.ActiveCfg = Release|Any CPU
		{439D9911-AF68-4B10-97EB-C8A843630E0B}.Release|Any CPU.Build.0 = Release|Any CPU
	EndGlobalSection
	GlobalSection(SolutionProperties) = preSolution
		HideSolutionNode = FALSE
	EndGlobalSection
	GlobalSection(ExtensibilityGlobals) = postSolution
		SolutionGuid = {DBE33B23-54DD-4A55-BAE9-522D3A278D09}
	EndGlobalSection
EndGlobal
